
Microsoft Visual Studio Solution File, Format Version 12.00
# Visual Studio 15
VisualStudioVersion = 15.0.28307.421
MinimumVisualStudioVersion = 10.0.40219.1
Project("{FAE04EC0-301F-11D3-BF4B-00C04F79EFBC}") = "SynchronizerService", "SynchronizerService\SynchronizerService.csproj", "{06835300-0529-4626-BBA0-7EB8501479D0}"
EndProject
Project("{FAE04EC0-301F-11D3-BF4B-00C04F79EFBC}") = "SynchronizerServiceSettings", "SynchronizerServiceSettings\SynchronizerServiceSettings\SynchronizerServiceSettings.csproj", "{7BE7FBB2-1A2B-4BC9-BBE8-2E430F68BA22}"
EndProject
Global
	GlobalSection(SolutionConfigurationPlatforms) = preSolution
		Debug|Any CPU = Debug|Any CPU
		Debug|x86 = Debug|x86
		Release|Any CPU = Release|Any CPU
		Release|x86 = Release|x86
	EndGlobalSection
	GlobalSection(ProjectConfigurationPlatforms) = postSolution
		{06835300-0529-4626-BBA0-7EB8501479D0}.Debug|Any CPU.ActiveCfg = Debug|Any CPU
		{06835300-0529-4626-BBA0-7EB8501479D0}.Debug|Any CPU.Build.0 = Debug|Any CPU
		{06835300-0529-4626-BBA0-7EB8501479D0}.Debug|x86.ActiveCfg = Debug|Any CPU
		{06835300-0529-4626-BBA0-7EB8501479D0}.Debug|x86.Build.0 = Debug|Any CPU
		{06835300-0529-4626-BBA0-7EB8501479D0}.Release|Any CPU.ActiveCfg = Release|Any CPU
		{06835300-0529-4626-BBA0-7EB8501479D0}.Release|Any CPU.Build.0 = Release|Any CPU
		{06835300-0529-4626-BBA0-7EB8501479D0}.Release|x86.ActiveCfg = Release|Any CPU
		{06835300-0529-4626-BBA0-7EB8501479D0}.Release|x86.Build.0 = Release|Any CPU
		{7BE7FBB2-1A2B-4BC9-BBE8-2E430F68BA22}.Debug|Any CPU.ActiveCfg = Debug|Any CPU
		{7BE7FBB2-1A2B-4BC9-BBE8-2E430F68BA22}.Debug|Any CPU.Build.0 = Debug|Any CPU
		{7BE7FBB2-1A2B-4BC9-BBE8-2E430F68BA22}.Debug|x86.ActiveCfg = Debug|Any CPU
		{7BE7FBB2-1A2B-4BC9-BBE8-2E430F68BA22}.Debug|x86.Build.0 = Debug|Any CPU
		{7BE7FBB2-1A2B-4BC9-BBE8-2E430F68BA22}.Release|Any CPU.ActiveCfg = Release|Any CPU
		{7BE7FBB2-1A2B-4BC9-BBE8-2E430F68BA22}.Release|Any CPU.Build.0 = Release|Any CPU
		{7BE7FBB2-1A2B-4BC9-BBE8-2E430F68BA22}.Release|x86.ActiveCfg = Release|Any CPU
		{7BE7FBB2-1A2B-4BC9-BBE8-2E430F68BA22}.Release|x86.Build.0 = Release|Any CPU
	EndGlobalSection
	GlobalSection(SolutionProperties) = preSolution
		HideSolutionNode = FALSE
	EndGlobalSection
	GlobalSection(ExtensibilityGlobals) = postSolution
		SolutionGuid = {B1BAC964-D697-4E6F-B985-4398A2D49203}
	EndGlobalSection
EndGlobal
